
Microsoft Visual Studio Solution File, Format Version 12.00
# Visual Studio Version 17
VisualStudioVersion = 17.7.34009.444
MinimumVisualStudioVersion = 10.0.40219.1
Project("{FAE04EC0-301F-11D3-BF4B-00C04F79EFBC}") = "TestWeek43", "TestWeek43\TestWeek43.csproj", "{0F60604D-A9EE-487A-B5F0-452B8D7D3374}"
EndProject
Global
	GlobalSection(SolutionConfigurationPlatforms) = preSolution
		Debug|Any CPU = Debug|Any CPU
		Release|Any CPU = Release|Any CPU
	EndGlobalSection
	GlobalSection(ProjectConfigurationPlatforms) = postSolution
		{0F60604D-A9EE-487A-B5F0-452B8D7D3374}.Debug|Any CPU.ActiveCfg = Debug|Any CPU
		{0F60604D-A9EE-487A-B5F0-452B8D7D3374}.Debug|Any CPU.Build.0 = Debug|Any CPU
		{0F60604D-A9EE-487A-B5F0-452B8D7D3374}.Release|Any CPU.ActiveCfg = Release|Any CPU
		{0F60604D-A9EE-487A-B5F0-452B8D7D3374}.Release|Any CPU.Build.0 = Release|Any CPU
	EndGlobalSection
	GlobalSection(SolutionProperties) = preSolution
		HideSolutionNode = FALSE
	EndGlobalSection
	GlobalSection(ExtensibilityGlobals) = postSolution
		SolutionGuid = {75944176-D435-4968-ABA0-7BD5D012002C}
	EndGlobalSection
EndGlobal
